
Microsoft Visual Studio Solution File, Format Version 12.00
# Visual Studio Version 17
VisualStudioVersion = 17.14.36414.22 d17.14
MinimumVisualStudioVersion = 10.0.40219.1
Project("{8BC9CEB8-8B4A-11D0-8D11-00A0C91BC942}") = "Assignment1 Timing the Towers of Hanoi", "Assignment1 Timing the Towers of Hanoi.vcxproj", "{6DC1840D-0EFB-4D39-B577-2B29C5FCDE9C}"
EndProject
Global
	GlobalSection(SolutionConfigurationPlatforms) = preSolution
		Debug|x64 = Debug|x64
		Debug|x86 = Debug|x86
		Release|x64 = Release|x64
		Release|x86 = Release|x86
	EndGlobalSection
	GlobalSection(ProjectConfigurationPlatforms) = postSolution
		{6DC1840D-0EFB-4D39-B577-2B29C5FCDE9C}.Debug|x64.ActiveCfg = Debug|x64
		{6DC1840D-0EFB-4D39-B577-2B29C5FCDE9C}.Debug|x64.Build.0 = Debug|x64
		{6DC1840D-0EFB-4D39-B577-2B29C5FCDE9C}.Debug|x86.ActiveCfg = Debug|Win32
		{6DC1840D-0EFB-4D39-B577-2B29C5FCDE9C}.Debug|x86.Build.0 = Debug|Win32
		{6DC1840D-0EFB-4D39-B577-2B29C5FCDE9C}.Release|x64.ActiveCfg = Release|x64
		{6DC1840D-0EFB-4D39-B577-2B29C5FCDE9C}.Release|x64.Build.0 = Release|x64
		{6DC1840D-0EFB-4D39-B577-2B29C5FCDE9C}.Release|x86.ActiveCfg = Release|Win32
		{6DC1840D-0EFB-4D39-B577-2B29C5FCDE9C}.Release|x86.Build.0 = Release|Win32
	EndGlobalSection
	GlobalSection(SolutionProperties) = preSolution
		HideSolutionNode = FALSE
	EndGlobalSection
	GlobalSection(ExtensibilityGlobals) = postSolution
		SolutionGuid = {1FD3E818-EA41-4CD7-9A9A-CC74215D37AB}
	EndGlobalSection
EndGlobal
